
Microsoft Visual Studio Solution File, Format Version 12.00
# Visual Studio 15
VisualStudioVersion = 15.0.26228.9
MinimumVisualStudioVersion = 10.0.40219.1
Project("{FAE04EC0-301F-11D3-BF4B-00C04F79EFBC}") = "BabySitterKataSimple", "BabySitterKataSimple\BabySitterKataSimple.csproj", "{68AFF6DC-0DCA-44DC-83D3-8590ADC90A97}"
EndProject
Project("{FAE04EC0-301F-11D3-BF4B-00C04F79EFBC}") = "Tests", "Tests\Tests.csproj", "{0759C3EE-C58D-4C5F-87B3-2E200BF24926}"
EndProject
Global
	GlobalSection(SolutionConfigurationPlatforms) = preSolution
		Debug|Any CPU = Debug|Any CPU
		Release|Any CPU = Release|Any CPU
	EndGlobalSection
	GlobalSection(ProjectConfigurationPlatforms) = postSolution
		{68AFF6DC-0DCA-44DC-83D3-8590ADC90A97}.Debug|Any CPU.ActiveCfg = Debug|Any CPU
		{68AFF6DC-0DCA-44DC-83D3-8590ADC90A97}.Debug|Any CPU.Build.0 = Debug|Any CPU
		{68AFF6DC-0DCA-44DC-83D3-8590ADC90A97}.Release|Any CPU.ActiveCfg = Release|Any CPU
		{68AFF6DC-0DCA-44DC-83D3-8590ADC90A97}.Release|Any CPU.Build.0 = Release|Any CPU
		{0759C3EE-C58D-4C5F-87B3-2E200BF24926}.Debug|Any CPU.ActiveCfg = Debug|Any CPU
		{0759C3EE-C58D-4C5F-87B3-2E200BF24926}.Debug|Any CPU.Build.0 = Debug|Any CPU
		{0759C3EE-C58D-4C5F-87B3-2E200BF24926}.Release|Any CPU.ActiveCfg = Release|Any CPU
		{0759C3EE-C58D-4C5F-87B3-2E200BF24926}.Release|Any CPU.Build.0 = Release|Any CPU
	EndGlobalSection
	GlobalSection(SolutionProperties) = preSolution
		HideSolutionNode = FALSE
	EndGlobalSection
EndGlobal
